
Microsoft Visual Studio Solution File, Format Version 12.00
# Visual Studio 2013
VisualStudioVersion = 12.0.31101.0
MinimumVisualStudioVersion = 10.0.40219.1
Project("{FAE04EC0-301F-11D3-BF4B-00C04F79EFBC}") = "CookItNow.Api", "CookItNow.Api\CookItNow.Api.csproj", "{5310A4D9-13FB-4981-97D9-48E88B87C730}"
EndProject
Project("{FAE04EC0-301F-11D3-BF4B-00C04F79EFBC}") = "CookItNow.Parser", "CookItNow.Parser\CookItNow.Parser.csproj", "{C6E6A85B-6291-4D82-9A00-CE9BB3EA540F}"
EndProject
Project("{FAE04EC0-301F-11D3-BF4B-00C04F79EFBC}") = "CookItNow.Business", "CookItNow.Business\CookItNow.Business.csproj", "{2E50B56A-EDAA-48D8-9021-6C71B4997C42}"
EndProject
Project("{FAE04EC0-301F-11D3-BF4B-00C04F79EFBC}") = "CookItNow.Infrastructure", "CookItNow.Infrastructure\CookItNow.Infrastructure.csproj", "{77D84014-39DC-4E69-B9DE-F97AE2463596}"
EndProject
Global
	GlobalSection(SolutionConfigurationPlatforms) = preSolution
		Debug|Any CPU = Debug|Any CPU
		Release|Any CPU = Release|Any CPU
	EndGlobalSection
	GlobalSection(ProjectConfigurationPlatforms) = postSolution
		{5310A4D9-13FB-4981-97D9-48E88B87C730}.Debug|Any CPU.ActiveCfg = Debug|Any CPU
		{5310A4D9-13FB-4981-97D9-48E88B87C730}.Debug|Any CPU.Build.0 = Debug|Any CPU
		{5310A4D9-13FB-4981-97D9-48E88B87C730}.Release|Any CPU.ActiveCfg = Release|Any CPU
		{5310A4D9-13FB-4981-97D9-48E88B87C730}.Release|Any CPU.Build.0 = Release|Any CPU
		{C6E6A85B-6291-4D82-9A00-CE9BB3EA540F}.Debug|Any CPU.ActiveCfg = Debug|Any CPU
		{C6E6A85B-6291-4D82-9A00-CE9BB3EA540F}.Debug|Any CPU.Build.0 = Debug|Any CPU
		{C6E6A85B-6291-4D82-9A00-CE9BB3EA540F}.Release|Any CPU.ActiveCfg = Release|Any CPU
		{C6E6A85B-6291-4D82-9A00-CE9BB3EA540F}.Release|Any CPU.Build.0 = Release|Any CPU
		{2E50B56A-EDAA-48D8-9021-6C71B4997C42}.Debug|Any CPU.ActiveCfg = Debug|Any CPU
		{2E50B56A-EDAA-48D8-9021-6C71B4997C42}.Debug|Any CPU.Build.0 = Debug|Any CPU
		{2E50B56A-EDAA-48D8-9021-6C71B4997C42}.Release|Any CPU.ActiveCfg = Release|Any CPU
		{2E50B56A-EDAA-48D8-9021-6C71B4997C42}.Release|Any CPU.Build.0 = Release|Any CPU
		{77D84014-39DC-4E69-B9DE-F97AE2463596}.Debug|Any CPU.ActiveCfg = Debug|Any CPU
		{77D84014-39DC-4E69-B9DE-F97AE2463596}.Debug|Any CPU.Build.0 = Debug|Any CPU
		{77D84014-39DC-4E69-B9DE-F97AE2463596}.Release|Any CPU.ActiveCfg = Release|Any CPU
		{77D84014-39DC-4E69-B9DE-F97AE2463596}.Release|Any CPU.Build.0 = Release|Any CPU
	EndGlobalSection
	GlobalSection(SolutionProperties) = preSolution
		HideSolutionNode = FALSE
	EndGlobalSection
EndGlobal
